
Microsoft Visual Studio Solution File, Format Version 12.00
# Visual Studio Version 17
VisualStudioVersion = 17.1.32210.238
MinimumVisualStudioVersion = 10.0.40219.1
Project("{9A19103F-16F7-4668-BE54-9A1E7A4F7556}") = "OrderManager", "OrderManager\OrderManager.csproj", "{C9E5E74A-FA4D-4C1C-9A58-CED0B3763876}"
EndProject
Project("{9A19103F-16F7-4668-BE54-9A1E7A4F7556}") = "OrderTest", "OrderTest\OrderTest.csproj", "{5700EDCF-E844-4EA0-BF10-F6755B942EED}"
EndProject
Global
	GlobalSection(SolutionConfigurationPlatforms) = preSolution
		Debug|Any CPU = Debug|Any CPU
		Release|Any CPU = Release|Any CPU
	EndGlobalSection
	GlobalSection(ProjectConfigurationPlatforms) = postSolution
		{C9E5E74A-FA4D-4C1C-9A58-CED0B3763876}.Debug|Any CPU.ActiveCfg = Debug|Any CPU
		{C9E5E74A-FA4D-4C1C-9A58-CED0B3763876}.Debug|Any CPU.Build.0 = Debug|Any CPU
		{C9E5E74A-FA4D-4C1C-9A58-CED0B3763876}.Release|Any CPU.ActiveCfg = Release|Any CPU
		{C9E5E74A-FA4D-4C1C-9A58-CED0B3763876}.Release|Any CPU.Build.0 = Release|Any CPU
		{5700EDCF-E844-4EA0-BF10-F6755B942EED}.Debug|Any CPU.ActiveCfg = Debug|Any CPU
		{5700EDCF-E844-4EA0-BF10-F6755B942EED}.Debug|Any CPU.Build.0 = Debug|Any CPU
		{5700EDCF-E844-4EA0-BF10-F6755B942EED}.Release|Any CPU.ActiveCfg = Release|Any CPU
		{5700EDCF-E844-4EA0-BF10-F6755B942EED}.Release|Any CPU.Build.0 = Release|Any CPU
	EndGlobalSection
	GlobalSection(SolutionProperties) = preSolution
		HideSolutionNode = FALSE
	EndGlobalSection
	GlobalSection(ExtensibilityGlobals) = postSolution
		SolutionGuid = {114F7463-D24A-4EBE-AA48-79869ABE02C8}
	EndGlobalSection
EndGlobal
